
Microsoft Visual Studio Solution File, Format Version 12.00
# Visual Studio Version 17
VisualStudioVersion = 17.3.32825.248
MinimumVisualStudioVersion = 10.0.40219.1
Project("{FAE04EC0-301F-11D3-BF4B-00C04F79EFBC}") = "anroidApp.Android", "anroidApp.Android\anroidApp.Android.csproj", "{6164F22D-A601-4681-B806-A3115EF5E2DB}"
EndProject
Project("{FAE04EC0-301F-11D3-BF4B-00C04F79EFBC}") = "anroidApp", "anroidApp\anroidApp.csproj", "{706447F4-3CCB-430F-B1AA-2FE735513D8E}"
EndProject
Global
	GlobalSection(SolutionConfigurationPlatforms) = preSolution
		Debug|Any CPU = Debug|Any CPU
		Release|Any CPU = Release|Any CPU
	EndGlobalSection
	GlobalSection(ProjectConfigurationPlatforms) = postSolution
		{6164F22D-A601-4681-B806-A3115EF5E2DB}.Debug|Any CPU.ActiveCfg = Debug|Any CPU
		{6164F22D-A601-4681-B806-A3115EF5E2DB}.Debug|Any CPU.Build.0 = Debug|Any CPU
		{6164F22D-A601-4681-B806-A3115EF5E2DB}.Debug|Any CPU.Deploy.0 = Debug|Any CPU
		{6164F22D-A601-4681-B806-A3115EF5E2DB}.Release|Any CPU.ActiveCfg = Release|Any CPU
		{6164F22D-A601-4681-B806-A3115EF5E2DB}.Release|Any CPU.Build.0 = Release|Any CPU
		{6164F22D-A601-4681-B806-A3115EF5E2DB}.Release|Any CPU.Deploy.0 = Release|Any CPU
		{706447F4-3CCB-430F-B1AA-2FE735513D8E}.Debug|Any CPU.ActiveCfg = Debug|Any CPU
		{706447F4-3CCB-430F-B1AA-2FE735513D8E}.Debug|Any CPU.Build.0 = Debug|Any CPU
		{706447F4-3CCB-430F-B1AA-2FE735513D8E}.Debug|Any CPU.Deploy.0 = Debug|Any CPU
		{706447F4-3CCB-430F-B1AA-2FE735513D8E}.Release|Any CPU.ActiveCfg = Release|Any CPU
		{706447F4-3CCB-430F-B1AA-2FE735513D8E}.Release|Any CPU.Build.0 = Release|Any CPU
		{706447F4-3CCB-430F-B1AA-2FE735513D8E}.Release|Any CPU.Deploy.0 = Release|Any CPU
	EndGlobalSection
	GlobalSection(SolutionProperties) = preSolution
		HideSolutionNode = FALSE
	EndGlobalSection
	GlobalSection(ExtensibilityGlobals) = postSolution
		SolutionGuid = {71A19A0A-0F1F-4148-8EB9-EBDDE1FD396B}
	EndGlobalSection
EndGlobal
